// !$*UTF8*$!
{
	archiveVersion = 1;
	classes = {
	};
	objectVersion = 46;
	objects = {

/* Begin PBXBuildFile section */
		C58F4B081CD6A37B006BDEA5 /* AppDelegate.swift in Sources */ = {isa = PBXBuildFile; fileRef = C58F4B071CD6A37B006BDEA5 /* AppDelegate.swift */; };
		C58F4B0D1CD6A37B006BDEA5 /* Main.storyboard in Resources */ = {isa = PBXBuildFile; fileRef = C58F4B0B1CD6A37B006BDEA5 /* Main.storyboard */; };
		C58F4B0F1CD6A37B006BDEA5 /* Assets.xcassets in Resources */ = {isa = PBXBuildFile; fileRef = C58F4B0E1CD6A37B006BDEA5 /* Assets.xcassets */; };
		C58F4B121CD6A37B006BDEA5 /* LaunchScreen.storyboard in Resources */ = {isa = PBXBuildFile; fileRef = C58F4B101CD6A37B006BDEA5 /* LaunchScreen.storyboard */; };
		C58F4B1C1CD6A581006BDEA5 /* SearchTableViewController.swift in Sources */ = {isa = PBXBuildFile; fileRef = C58F4B1B1CD6A581006BDEA5 /* SearchTableViewController.swift */; };
		C58F4B1E1CD6AB50006BDEA5 /* SwiftyJSON.swift in Sources */ = {isa = PBXBuildFile; fileRef = C58F4B1D1CD6AB50006BDEA5 /* SwiftyJSON.swift */; };
		C58F4B201CD6ACC8006BDEA5 /* countries.json in Resources */ = {isa = PBXBuildFile; fileRef = C58F4B1F1CD6ACC8006BDEA5 /* countries.json */; };
/* End PBXBuildFile section */

/* Begin PBXFileReference section */
		C58F4B041CD6A37B006BDEA5 /* SearchControllerProject.app */ = {isa = PBXFileReference; explicitFileType = wrapper.application; includeInIndex = 0; path = SearchControllerProject.app; sourceTree = BUILT_PRODUCTS_DIR; };
		C58F4B071CD6A37B006BDEA5 /* AppDelegate.swift */ = {isa = PBXFileReference; lastKnownFileType = sourcecode.swift; path = AppDelegate.swift; sourceTree = "<group>"; };
		C58F4B0C1CD6A37B006BDEA5 /* Base */ = {isa = PBXFileReference; lastKnownFileType = file.storyboard; name = Base; path = Base.lproj/Main.storyboard; sourceTree = "<group>"; };
		C58F4B0E1CD6A37B006BDEA5 /* Assets.xcassets */ = {isa = PBXFileReference; lastKnownFileType = folder.assetcatalog; path = Assets.xcassets; sourceTree = "<group>"; };
		C58F4B111CD6A37B006BDEA5 /* Base */ = {isa = PBXFileReference; lastKnownFileType = file.storyboard; name = Base; path = Base.lproj/LaunchScreen.storyboard; sourceTree = "<group>"; };
		C58F4B131CD6A37B006BDEA5 /* Info.plist */ = {isa = PBXFileReference; lastKnownFileType = text.plist.xml; path = Info.plist; sourceTree = "<group>"; };
		C58F4B1B1CD6A581006BDEA5 /* SearchTableViewController.swift */ = {isa = PBXFileReference; fileEncoding = 4; lastKnownFileType = sourcecode.swift; name = SearchTableViewController.swift; path = ../SearchTableViewController.swift; sourceTree = "<group>"; };
		C58F4B1D1CD6AB50006BDEA5 /* SwiftyJSON.swift */ = {isa = PBXFileReference; fileEncoding = 4; lastKnownFileType = sourcecode.swift; path = SwiftyJSON.swift; sourceTree = "<group>"; };
		C58F4B1F1CD6ACC8006BDEA5 /* countries.json */ = {isa = PBXFileReference; fileEncoding = 4; lastKnownFileType = text.json; path = countries.json; sourceTree = "<group>"; };
/* End PBXFileReference section */

/* Begin PBXFrameworksBuildPhase section */
		C58F4B011CD6A37B006BDEA5 /* Frameworks */ = {
			isa = PBXFrameworksBuildPhase;
			buildActionMask = 2147483647;
			files = (
			);
			runOnlyForDeploymentPostprocessing = 0;
		};
/* End PBXFrameworksBuildPhase section */

/* Begin PBXGroup section */
		C58F4AFB1CD6A37B006BDEA5 = {
			isa = PBXGroup;
			children = (
				C58F4B061CD6A37B006BDEA5 /* SearchControllerProject */,
				C58F4B051CD6A37B006BDEA5 /* Products */,
			);
			sourceTree = "<group>";
		};
		C58F4B051CD6A37B006BDEA5 /* Products */ = {
			isa = PBXGroup;
			children = (
				C58F4B041CD6A37B006BDEA5 /* SearchControllerProject.app */,
			);
			name = Products;
			sourceTree = "<group>";
		};
		C58F4B061CD6A37B006BDEA5 /* SearchControllerProject */ = {
			isa = PBXGroup;
			children = (
				C58F4B1F1CD6ACC8006BDEA5 /* countries.json */,
				C58F4B1D1CD6AB50006BDEA5 /* SwiftyJSON.swift */,
				C58F4B1B1CD6A581006BDEA5 /* SearchTableViewController.swift */,
				C58F4B071CD6A37B006BDEA5 /* AppDelegate.swift */,
				C58F4B0B1CD6A37B006BDEA5 /* Main.storyboard */,
				C58F4B0E1CD6A37B006BDEA5 /* Assets.xcassets */,
				C58F4B101CD6A37B006BDEA5 /* LaunchScreen.storyboard */,
				C58F4B131CD6A37B006BDEA5 /* Info.plist */,
			);
			path = SearchControllerProject;
			sourceTree = "<group>";
		};
/* End PBXGroup section */

/* Begin PBXNativeTarget section */
		C58F4B031CD6A37B006BDEA5 /* SearchControllerProject */ = {
			isa = PBXNativeTarget;
			buildConfigurationList = C58F4B161CD6A37B006BDEA5 /* Build configuration list for PBXNativeTarget "SearchControllerProject" */;
			buildPhases = (
				C58F4B001CD6A37B006BDEA5 /* Sources */,
				C58F4B011CD6A37B006BDEA5 /* Frameworks */,
				C58F4B021CD6A37B006BDEA5 /* Resources */,
			);
			buildRules = (
			);
			dependencies = (
			);
			name = SearchControllerProject;
			productName = SearchControllerProject;
			productReference = C58F4B041CD6A37B006BDEA5 /* SearchControllerProject.app */;
			productType = "com.apple.product-type.application";
		};
/* End PBXNativeTarget section */

/* Begin PBXProject section */
		C58F4AFC1CD6A37B006BDEA5 /* Project object */ = {
			isa = PBXProject;
			attributes = {
				LastSwiftUpdateCheck = 0730;
				LastUpgradeCheck = 0730;
				ORGANIZATIONNAME = "Guilherme Soares";
				TargetAttributes = {
					C58F4B031CD6A37B006BDEA5 = {
						CreatedOnToolsVersion = 7.3.1;
					};
				};
			};
			buildConfigurationList = C58F4AFF1CD6A37B006BDEA5 /* Build configuration list for PBXProject "SearchControllerProject" */;
			compatibilityVersion = "Xcode 3.2";
			developmentRegion = English;
			hasScannedForEncodings = 0;
			knownRegions = (
				en,
				Base,
			);
			mainGroup = C58F4AFB1CD6A37B006BDEA5;
			productRefGroup = C58F4B051CD6A37B006BDEA5 /* Products */;
			projectDirPath = "";
			projectRoot = "";
			targets = (
				C58F4B031CD6A37B006BDEA5 /* SearchControllerProject */,
			);
		};
/* End PBXProject section */

/* Begin PBXResourcesBuildPhase section */
		C58F4B021CD6A37B006BDEA5 /* Resources */ = {
			isa = PBXResourcesBuildPhase;
			buildActionMask = 2147483647;
			files = (
				C58F4B121CD6A37B006BDEA5 /* LaunchScreen.storyboard in Resources */,
				C58F4B0F1CD6A37B006BDEA5 /* Assets.xcassets in Resources */,
				C58F4B201CD6ACC8006BDEA5 /* countries.json in Resources */,
				C58F4B0D1CD6A37B006BDEA5 /* Main.storyboard in Resources */,
			);
			runOnlyForDeploymentPostprocessing = 0;
		};
/* End PBXResourcesBuildPhase section */

/* Begin PBXSourcesBuildPhase section */
		C58F4B001CD6A37B006BDEA5 /* Sources */ = {
			isa = PBXSourcesBuildPhase;
			buildActionMask = 2147483647;
			files = (
				C58F4B1E1CD6AB50006BDEA5 /* SwiftyJSON.swift in Sources */,
				C58F4B081CD6A37B006BDEA5 /* AppDelegate.swift in Sources */,
				C58F4B1C1CD6A581006BDEA5 /* SearchTableViewController.swift in Sources */,
			);
			runOnlyForDeploymentPostprocessing = 0;
		};
/* End PBXSourcesBuildPhase section */

/* Begin PBXVariantGroup section */
		C58F4B0B1CD6A37B006BDEA5 /* Main.storyboard */ = {
			isa = PBXVariantGroup;
			children = (
				C58F4B0C1CD6A37B006BDEA5 /* Base */,
			);
			name = Main.storyboard;
			sourceTree = "<group>";
		};
		C58F4B101CD6A37B006BDEA5 /* LaunchScreen.storyboard */ = {
			isa = PBXVariantGroup;
			children = (
				C58F4B111CD6A37B006BDEA5 /* Base */,
			);
			name = LaunchScreen.storyboard;
			sourceTree = "<group>";
		};
/* End PBXVariantGroup section */

/* Begin XCBuildConfiguration section */
		C58F4B141CD6A37B006BDEA5 /* Debug */ = {
			isa = XCBuildConfiguration;
			buildSettings = {
				ALWAYS_SEARCH_USER_PATHS = NO;
				CLANG_ANALYZER_NONNULL = YES;
				CLANG_CXX_LANGUAGE_STANDARD = "gnu++0x";
				CLANG_CXX_LIBRARY = "libc++";
				CLANG_ENABLE_MODULES = YES;
				CLANG_ENABLE_OBJC_ARC = YES;
				CLANG_WARN_BOOL_CONVERSION = YES;
				CLANG_WARN_CONSTANT_CONVERSION = YES;
				CLANG_WARN_DIRECT_OBJC_ISA_USAGE = YES_ERROR;
				CLANG_WARN_EMPTY_BODY = YES;
				CLANG_WARN_ENUM_CONVERSION = YES;
				CLANG_WARN_INT_CONVERSION = YES;
				CLANG_WARN_OBJC_ROOT_CLASS = YES_ERROR;
				CLANG_WARN_UNREACHABLE_CODE = YES;
				CLANG_WARN__DUPLICATE_METHOD_MATCH = YES;
				"CODE_SIGN_IDENTITY[sdk=iphoneos*]" = "iPhone Developer";
				COPY_PHASE_STRIP = NO;
				DEBUG_INFORMATION_FORMAT = dwarf;
				ENABLE_STRICT_OBJC_MSGSEND = YES;
				ENABLE_TESTABILITY = YES;
				GCC_C_LANGUAGE_STANDARD = gnu99;
				GCC_DYNAMIC_NO_PIC = NO;
				GCC_NO_COMMON_BLOCKS = YES;
				GCC_OPTIMIZATION_LEVEL = 0;
				GCC_PREPROCESSOR_DEFINITIONS = (
					"DEBUG=1",
					"$(inherited)",
				);
				GCC_WARN_64_TO_32_BIT_CONVERSION = YES;
				GCC_WARN_ABOUT_RETURN_TYPE = YES_ERROR;
				GCC_WARN_UNDECLARED_SELECTOR = YES;
				GCC_WARN_UNINITIALIZED_AUTOS = YES_AGGRESSIVE;
				GCC_WARN_UNUSED_FUNCTION = YES;
				GCC_WARN_UNUSED_VARIABLE = YES;
				IPHONEOS_DEPLOYMENT_TARGET = 9.3;
				MTL_ENABLE_DEBUG_INFO = YES;
				ONLY_ACTIVE_ARCH = YES;
				SDKROOT = iphoneos;
				SWIFT_OPTIMIZATION_LEVEL = "-Onone";
			};
			name = Debug;
		};
		C58F4B151CD6A37B006BDEA5 /* Release */ = {
			isa = XCBuildConfiguration;
			buildSettings = {
				ALWAYS_SEARCH_USER_PATHS = NO;
				CLANG_ANALYZER_NONNULL = YES;
				CLANG_CXX_LANGUAGE_STANDARD = "gnu++0x";
				CLANG_CXX_LIBRARY = "libc++";
				CLANG_ENABLE_MODULES = YES;
				CLANG_ENABLE_OBJC_ARC = YES;
				CLANG_WARN_BOOL_CONVERSION = YES;
				CLANG_WARN_CONSTANT_CONVERSION = YES;
				CLANG_WARN_DIRECT_OBJC_ISA_USAGE = YES_ERROR;
				CLANG_WARN_EMPTY_BODY = YES;
				CLANG_WARN_ENUM_CONVERSION = YES;
				CLANG_WARN_INT_CONVERSION = YES;
				CLANG_WARN_OBJC_ROOT_CLASS = YES_ERROR;
				CLANG_WARN_UNREACHABLE_CODE = YES;
				CLANG_WARN__DUPLICATE_METHOD_MATCH = YES;
				"CODE_SIGN_IDENTITY[sdk=iphoneos*]" = "iPhone Developer";
				COPY_PHASE_STRIP = NO;
				DEBUG_INFORMATION_FORMAT = "dwarf-with-dsym";
				ENABLE_NS_ASSERTIONS = NO;
				ENABLE_STRICT_OBJC_MSGSEND = YES;
				GCC_C_LANGUAGE_STANDARD = gnu99;
				GCC_NO_COMMON_BLOCKS = YES;
				GCC_WARN_64_TO_32_BIT_CONVERSION = YES;
				GCC_WARN_ABOUT_RETURN_TYPE = YES_ERROR;
				GCC_WARN_UNDECLARED_SELECTOR = YES;
				GCC_WARN_UNINITIALIZED_AUTOS = YES_AGGRESSIVE;
				GCC_WARN_UNUSED_FUNCTION = YES;
				GCC_WARN_UNUSED_VARIABLE = YES;
				IPHONEOS_DEPLOYMENT_TARGET = 9.3;
				MTL_ENABLE_DEBUG_INFO = NO;
				SDKROOT = iphoneos;
				VALIDATE_PRODUCT = YES;
			};
			name = Release;
		};
		C58F4B171CD6A37B006BDEA5 /* Debug */ = {
			isa = XCBuildConfiguration;
			buildSettings = {
				ASSETCATALOG_COMPILER_APPICON_NAME = AppIcon;
				INFOPLIST_FILE = SearchControllerProject/Info.plist;
				LD_RUNPATH_SEARCH_PATHS = "$(inherited) @executable_path/Frameworks";
				PRODUCT_BUNDLE_IDENTIFIER = com.example.SearchControllerProject;
				PRODUCT_NAME = "$(TARGET_NAME)";
			};
			name = Debug;
		};
		C58F4B181CD6A37B006BDEA5 /* Release */ = {
			isa = XCBuildConfiguration;
			buildSettings = {
				ASSETCATALOG_COMPILER_APPICON_NAME = AppIcon;
				INFOPLIST_FILE = SearchControllerProject/Info.plist;
				LD_RUNPATH_SEARCH_PATHS = "$(inherited) @executable_path/Frameworks";
				PRODUCT_BUNDLE_IDENTIFIER = com.example.SearchControllerProject;
				PRODUCT_NAME = "$(TARGET_NAME)";
			};
			name = Release;
		};
/* End XCBuildConfiguration section */

/* Begin XCConfigurationList section */
		C58F4AFF1CD6A37B006BDEA5 /* Build configuration list for PBXProject "SearchControllerProject" */ = {
			isa = XCConfigurationList;
			buildConfigurations = (
				C58F4B141CD6A37B006BDEA5 /* Debug */,
				C58F4B151CD6A37B006BDEA5 /* Release */,
			);
			defaultConfigurationIsVisible = 0;
			defaultConfigurationName = Release;
		};
		C58F4B161CD6A37B006BDEA5 /* Build configuration list for PBXNativeTarget "SearchControllerProject" */ = {
			isa = XCConfigurationList;
			buildConfigurations = (
				C58F4B171CD6A37B006BDEA5 /* Debug */,
				C58F4B181CD6A37B006BDEA5 /* Release */,
			);
			defaultConfigurationIsVisible = 0;
		};
/* End XCConfigurationList section */
	};
	rootObject = C58F4AFC1CD6A37B006BDEA5 /* Project object */;
}
